
Microsoft Visual Studio Solution File, Format Version 12.00
# Visual Studio Version 16
VisualStudioVersion = 16.0.30907.101
MinimumVisualStudioVersion = 10.0.40219.1
Project("{FAE04EC0-301F-11D3-BF4B-00C04F79EFBC}") = "DataAccess", "DataAccess\DataAccess.csproj", "{A0BF635F-6DDD-4FF8-A652-8D618AC61BB7}"
EndProject
Project("{FAE04EC0-301F-11D3-BF4B-00C04F79EFBC}") = "Business", "Business\Business.csproj", "{011C54D7-AEB0-4311-A9BE-375DE1F51385}"
EndProject
Project("{FAE04EC0-301F-11D3-BF4B-00C04F79EFBC}") = "Entities", "Entities\Entities.csproj", "{CCE0E679-7712-47CE-879F-716AB837801C}"
EndProject
Project("{FAE04EC0-301F-11D3-BF4B-00C04F79EFBC}") = "ConsoleUI", "ConsoleUI\ConsoleUI.csproj", "{CF85FF14-3088-4395-8FFB-E8EB8AD53465}"
EndProject
Global
	GlobalSection(SolutionConfigurationPlatforms) = preSolution
		Debug|Any CPU = Debug|Any CPU
		Release|Any CPU = Release|Any CPU
	EndGlobalSection
	GlobalSection(ProjectConfigurationPlatforms) = postSolution
		{A0BF635F-6DDD-4FF8-A652-8D618AC61BB7}.Debug|Any CPU.ActiveCfg = Debug|Any CPU
		{A0BF635F-6DDD-4FF8-A652-8D618AC61BB7}.Debug|Any CPU.Build.0 = Debug|Any CPU
		{A0BF635F-6DDD-4FF8-A652-8D618AC61BB7}.Release|Any CPU.ActiveCfg = Release|Any CPU
		{A0BF635F-6DDD-4FF8-A652-8D618AC61BB7}.Release|Any CPU.Build.0 = Release|Any CPU
		{011C54D7-AEB0-4311-A9BE-375DE1F51385}.Debug|Any CPU.ActiveCfg = Debug|Any CPU
		{011C54D7-AEB0-4311-A9BE-375DE1F51385}.Debug|Any CPU.Build.0 = Debug|Any CPU
		{011C54D7-AEB0-4311-A9BE-375DE1F51385}.Release|Any CPU.ActiveCfg = Release|Any CPU
		{011C54D7-AEB0-4311-A9BE-375DE1F51385}.Release|Any CPU.Build.0 = Release|Any CPU
		{CCE0E679-7712-47CE-879F-716AB837801C}.Debug|Any CPU.ActiveCfg = Debug|Any CPU
		{CCE0E679-7712-47CE-879F-716AB837801C}.Debug|Any CPU.Build.0 = Debug|Any CPU
		{CCE0E679-7712-47CE-879F-716AB837801C}.Release|Any CPU.ActiveCfg = Release|Any CPU
		{CCE0E679-7712-47CE-879F-716AB837801C}.Release|Any CPU.Build.0 = Release|Any CPU
		{CF85FF14-3088-4395-8FFB-E8EB8AD53465}.Debug|Any CPU.ActiveCfg = Debug|Any CPU
		{CF85FF14-3088-4395-8FFB-E8EB8AD53465}.Debug|Any CPU.Build.0 = Debug|Any CPU
		{CF85FF14-3088-4395-8FFB-E8EB8AD53465}.Release|Any CPU.ActiveCfg = Release|Any CPU
		{CF85FF14-3088-4395-8FFB-E8EB8AD53465}.Release|Any CPU.Build.0 = Release|Any CPU
	EndGlobalSection
	GlobalSection(SolutionProperties) = preSolution
		HideSolutionNode = FALSE
	EndGlobalSection
	GlobalSection(ExtensibilityGlobals) = postSolution
		SolutionGuid = {D4944205-ED7D-4C75-9A53-446A5DED2621}
	EndGlobalSection
EndGlobal
